
Microsoft Visual Studio Solution File, Format Version 12.00
# Visual Studio Version 17
VisualStudioVersion = 17.4.33205.214
MinimumVisualStudioVersion = 10.0.40219.1
Project("{FAE04EC0-301F-11D3-BF4B-00C04F79EFBC}") = "HatRack", "HatRack.csproj", "{2FD22EFB-1AEB-48B2-A2FF-B118D54D30CF}"
EndProject
Global
	GlobalSection(SolutionConfigurationPlatforms) = preSolution
		Debug|Any CPU = Debug|Any CPU
		Release|Any CPU = Release|Any CPU
	EndGlobalSection
	GlobalSection(ProjectConfigurationPlatforms) = postSolution
		{2FD22EFB-1AEB-48B2-A2FF-B118D54D30CF}.Debug|Any CPU.ActiveCfg = Debug|Any CPU
		{2FD22EFB-1AEB-48B2-A2FF-B118D54D30CF}.Debug|Any CPU.Build.0 = Debug|Any CPU
		{2FD22EFB-1AEB-48B2-A2FF-B118D54D30CF}.Release|Any CPU.ActiveCfg = Release|Any CPU
		{2FD22EFB-1AEB-48B2-A2FF-B118D54D30CF}.Release|Any CPU.Build.0 = Release|Any CPU
	EndGlobalSection
	GlobalSection(SolutionProperties) = preSolution
		HideSolutionNode = FALSE
	EndGlobalSection
	GlobalSection(ExtensibilityGlobals) = postSolution
		SolutionGuid = {D7BB3F04-DA37-4ED9-9FF9-E40D6CFD88DA}
	EndGlobalSection
EndGlobal
