
Microsoft Visual Studio Solution File, Format Version 12.00
# Visual Studio Version 17
VisualStudioVersion = 17.0.31912.275
MinimumVisualStudioVersion = 10.0.40219.1
Project("{FAE04EC0-301F-11D3-BF4B-00C04F79EFBC}") = "Hat", "Hat\Hat.csproj", "{B66F2EB4-3E87-43C6-BB7D-E6DA8A138475}"
EndProject
Global
	GlobalSection(SolutionConfigurationPlatforms) = preSolution
		Debug|Any CPU = Debug|Any CPU
		Release|Any CPU = Release|Any CPU
	EndGlobalSection
	GlobalSection(ProjectConfigurationPlatforms) = postSolution
		{B66F2EB4-3E87-43C6-BB7D-E6DA8A138475}.Debug|Any CPU.ActiveCfg = Debug|Any CPU
		{B66F2EB4-3E87-43C6-BB7D-E6DA8A138475}.Debug|Any CPU.Build.0 = Debug|Any CPU
		{B66F2EB4-3E87-43C6-BB7D-E6DA8A138475}.Release|Any CPU.ActiveCfg = Release|Any CPU
		{B66F2EB4-3E87-43C6-BB7D-E6DA8A138475}.Release|Any CPU.Build.0 = Release|Any CPU
	EndGlobalSection
	GlobalSection(SolutionProperties) = preSolution
		HideSolutionNode = FALSE
	EndGlobalSection
	GlobalSection(ExtensibilityGlobals) = postSolution
		SolutionGuid = {147B024B-E879-4169-A553-92E75C4B2711}
	EndGlobalSection
EndGlobal
