
Microsoft Visual Studio Solution File, Format Version 12.00
# Visual Studio Version 17
VisualStudioVersion = 17.4.33205.214
MinimumVisualStudioVersion = 10.0.40219.1
Project("{FAE04EC0-301F-11D3-BF4B-00C04F79EFBC}") = "ChatGemini", "ChatGemini.csproj", "{2E6CA106-226F-4490-B3C9-66CE894106A3}"
EndProject
Global
	GlobalSection(SolutionConfigurationPlatforms) = preSolution
		Debug|Any CPU = Debug|Any CPU
		Release|Any CPU = Release|Any CPU
	EndGlobalSection
	GlobalSection(ProjectConfigurationPlatforms) = postSolution
		{2E6CA106-226F-4490-B3C9-66CE894106A3}.Debug|Any CPU.ActiveCfg = Debug|Any CPU
		{2E6CA106-226F-4490-B3C9-66CE894106A3}.Debug|Any CPU.Build.0 = Debug|Any CPU
		{2E6CA106-226F-4490-B3C9-66CE894106A3}.Release|Any CPU.ActiveCfg = Release|Any CPU
		{2E6CA106-226F-4490-B3C9-66CE894106A3}.Release|Any CPU.Build.0 = Release|Any CPU
	EndGlobalSection
	GlobalSection(SolutionProperties) = preSolution
		HideSolutionNode = FALSE
	EndGlobalSection
	GlobalSection(ExtensibilityGlobals) = postSolution
		SolutionGuid = {818FEF3F-C626-4F3C-BF7E-06408E0051C9}
	EndGlobalSection
EndGlobal
